
Microsoft Visual Studio Solution File, Format Version 12.00
# Visual Studio 15
VisualStudioVersion = 15.0.25928.0
MinimumVisualStudioVersion = 10.0.40219.1
Project("{8BC9CEB8-8B4A-11D0-8D11-00A0C91BC942}") = "课时1", "ConsoleApplication2\ConsoleApplication2.vcxproj", "{8359D26E-7521-4ABB-86DD-7644D9420844}"
EndProject
Project("{8BC9CEB8-8B4A-11D0-8D11-00A0C91BC942}") = "课时2", "课时2\课时2.vcxproj", "{763CA410-9AE7-432F-BF0B-C4AACF569BCB}"
EndProject
Project("{8BC9CEB8-8B4A-11D0-8D11-00A0C91BC942}") = "ticketmachine", "ConsoleApplication3\ConsoleApplication3.vcxproj", "{B9FB202D-1300-41B7-B2E6-10C50B1BC7B5}"
EndProject
Project("{2150E333-8FDC-42A3-9474-1A3956D46DE8}") = "课时3_1", "课时3_1", "{2D64B9CD-327A-4368-8DC5-ACC18736FC47}"
EndProject
Project("{8BC9CEB8-8B4A-11D0-8D11-00A0C91BC942}") = "extern", "extern\extern.vcxproj", "{4F738E6E-1CEE-4F1D-8DF2-91505699CF8D}"
EndProject
Project("{8BC9CEB8-8B4A-11D0-8D11-00A0C91BC942}") = "ConsoleApplication4", "ConsoleApplication4\ConsoleApplication4.vcxproj", "{A1989334-6EED-4FEF-AB09-2D6053BF9305}"
EndProject
Project("{8BC9CEB8-8B4A-11D0-8D11-00A0C91BC942}") = "ifdef", "ifdef\ifdef.vcxproj", "{F86C0525-28C1-4052-9FD4-C8994E3970B8}"
EndProject
Project("{2150E333-8FDC-42A3-9474-1A3956D46DE8}") = "C++", "C++", "{7236A439-03AE-4631-99C6-CE99EEDC8E3A}"
EndProject
Project("{8BC9CEB8-8B4A-11D0-8D11-00A0C91BC942}") = "课时3_3（时钟的例子）", "课时3_3（时钟的例子）\课时3_3（时钟的例子）.vcxproj", "{EE1ABCE3-AA22-4C77-92D1-2ECA59668DD8}"
EndProject
Project("{8BC9CEB8-8B4A-11D0-8D11-00A0C91BC942}") = "绩点计算器", "绩点计算器\绩点计算器.vcxproj", "{2D22408F-D673-47CC-9EDA-0FDE782308AB}"
EndProject
Project("{8BC9CEB8-8B4A-11D0-8D11-00A0C91BC942}") = "课时4_1（成员变量）", "课时4_1（成员变量）\课时4_1（成员变量）.vcxproj", "{6A23969C-21FC-4AC0-BC21-1DCA3FD08E4B}"
EndProject
Project("{8BC9CEB8-8B4A-11D0-8D11-00A0C91BC942}") = "课时4_2 构造与析构", "课时4_2 构造与析构\课时4_2 构造与析构.vcxproj", "{CC7BEEE1-5017-41C2-8A2E-458434E0A9D0}"
EndProject
Project("{8BC9CEB8-8B4A-11D0-8D11-00A0C91BC942}") = "课时4_3 对象初始化", "课时4_3 对象初始化\课时4_3 对象初始化.vcxproj", "{9148BB0F-5FBA-4D3D-910E-384D79D78C87}"
EndProject
Project("{8BC9CEB8-8B4A-11D0-8D11-00A0C91BC942}") = "课时5-1 new and delete", "5-1 new and delete\5-1 new and delete.vcxproj", "{C4426A34-15A1-4DCB-BB94-CF555EC60A52}"
EndProject
Project("{8BC9CEB8-8B4A-11D0-8D11-00A0C91BC942}") = "课时5_2 访问限制", "课时5_2 访问限制\课时5_2 访问限制.vcxproj", "{1F0BC690-7A0E-4690-97F6-ABA3F456058E}"
EndProject
Global
	GlobalSection(SolutionConfigurationPlatforms) = preSolution
		Debug|x64 = Debug|x64
		Debug|x86 = Debug|x86
		Release|x64 = Release|x64
		Release|x86 = Release|x86
	EndGlobalSection
	GlobalSection(ProjectConfigurationPlatforms) = postSolution
		{8359D26E-7521-4ABB-86DD-7644D9420844}.Debug|x64.ActiveCfg = Debug|x64
		{8359D26E-7521-4ABB-86DD-7644D9420844}.Debug|x64.Build.0 = Debug|x64
		{8359D26E-7521-4ABB-86DD-7644D9420844}.Debug|x86.ActiveCfg = Debug|Win32
		{8359D26E-7521-4ABB-86DD-7644D9420844}.Debug|x86.Build.0 = Debug|Win32
		{8359D26E-7521-4ABB-86DD-7644D9420844}.Release|x64.ActiveCfg = Release|x64
		{8359D26E-7521-4ABB-86DD-7644D9420844}.Release|x64.Build.0 = Release|x64
		{8359D26E-7521-4ABB-86DD-7644D9420844}.Release|x86.ActiveCfg = Release|Win32
		{8359D26E-7521-4ABB-86DD-7644D9420844}.Release|x86.Build.0 = Release|Win32
		{763CA410-9AE7-432F-BF0B-C4AACF569BCB}.Debug|x64.ActiveCfg = Debug|x64
		{763CA410-9AE7-432F-BF0B-C4AACF569BCB}.Debug|x64.Build.0 = Debug|x64
		{763CA410-9AE7-432F-BF0B-C4AACF569BCB}.Debug|x86.ActiveCfg = Debug|Win32
		{763CA410-9AE7-432F-BF0B-C4AACF569BCB}.Debug|x86.Build.0 = Debug|Win32
		{763CA410-9AE7-432F-BF0B-C4AACF569BCB}.Release|x64.ActiveCfg = Release|x64
		{763CA410-9AE7-432F-BF0B-C4AACF569BCB}.Release|x64.Build.0 = Release|x64
		{763CA410-9AE7-432F-BF0B-C4AACF569BCB}.Release|x86.ActiveCfg = Release|Win32
		{763CA410-9AE7-432F-BF0B-C4AACF569BCB}.Release|x86.Build.0 = Release|Win32
		{B9FB202D-1300-41B7-B2E6-10C50B1BC7B5}.Debug|x64.ActiveCfg = Debug|x64
		{B9FB202D-1300-41B7-B2E6-10C50B1BC7B5}.Debug|x64.Build.0 = Debug|x64
		{B9FB202D-1300-41B7-B2E6-10C50B1BC7B5}.Debug|x86.ActiveCfg = Debug|Win32
		{B9FB202D-1300-41B7-B2E6-10C50B1BC7B5}.Debug|x86.Build.0 = Debug|Win32
		{B9FB202D-1300-41B7-B2E6-10C50B1BC7B5}.Release|x64.ActiveCfg = Release|x64
		{B9FB202D-1300-41B7-B2E6-10C50B1BC7B5}.Release|x64.Build.0 = Release|x64
		{B9FB202D-1300-41B7-B2E6-10C50B1BC7B5}.Release|x86.ActiveCfg = Release|Win32
		{B9FB202D-1300-41B7-B2E6-10C50B1BC7B5}.Release|x86.Build.0 = Release|Win32
		{4F738E6E-1CEE-4F1D-8DF2-91505699CF8D}.Debug|x64.ActiveCfg = Debug|x64
		{4F738E6E-1CEE-4F1D-8DF2-91505699CF8D}.Debug|x64.Build.0 = Debug|x64
		{4F738E6E-1CEE-4F1D-8DF2-91505699CF8D}.Debug|x86.ActiveCfg = Debug|Win32
		{4F738E6E-1CEE-4F1D-8DF2-91505699CF8D}.Debug|x86.Build.0 = Debug|Win32
		{4F738E6E-1CEE-4F1D-8DF2-91505699CF8D}.Release|x64.ActiveCfg = Release|x64
		{4F738E6E-1CEE-4F1D-8DF2-91505699CF8D}.Release|x64.Build.0 = Release|x64
		{4F738E6E-1CEE-4F1D-8DF2-91505699CF8D}.Release|x86.ActiveCfg = Release|Win32
		{4F738E6E-1CEE-4F1D-8DF2-91505699CF8D}.Release|x86.Build.0 = Release|Win32
		{A1989334-6EED-4FEF-AB09-2D6053BF9305}.Debug|x64.ActiveCfg = Debug|x64
		{A1989334-6EED-4FEF-AB09-2D6053BF9305}.Debug|x64.Build.0 = Debug|x64
		{A1989334-6EED-4FEF-AB09-2D6053BF9305}.Debug|x86.ActiveCfg = Debug|Win32
		{A1989334-6EED-4FEF-AB09-2D6053BF9305}.Debug|x86.Build.0 = Debug|Win32
		{A1989334-6EED-4FEF-AB09-2D6053BF9305}.Release|x64.ActiveCfg = Release|x64
		{A1989334-6EED-4FEF-AB09-2D6053BF9305}.Release|x64.Build.0 = Release|x64
		{A1989334-6EED-4FEF-AB09-2D6053BF9305}.Release|x86.ActiveCfg = Release|Win32
		{A1989334-6EED-4FEF-AB09-2D6053BF9305}.Release|x86.Build.0 = Release|Win32
		{F86C0525-28C1-4052-9FD4-C8994E3970B8}.Debug|x64.ActiveCfg = Debug|x64
		{F86C0525-28C1-4052-9FD4-C8994E3970B8}.Debug|x64.Build.0 = Debug|x64
		{F86C0525-28C1-4052-9FD4-C8994E3970B8}.Debug|x86.ActiveCfg = Debug|Win32
		{F86C0525-28C1-4052-9FD4-C8994E3970B8}.Debug|x86.Build.0 = Debug|Win32
		{F86C0525-28C1-4052-9FD4-C8994E3970B8}.Release|x64.ActiveCfg = Release|x64
		{F86C0525-28C1-4052-9FD4-C8994E3970B8}.Release|x64.Build.0 = Release|x64
		{F86C0525-28C1-4052-9FD4-C8994E3970B8}.Release|x86.ActiveCfg = Release|Win32
		{F86C0525-28C1-4052-9FD4-C8994E3970B8}.Release|x86.Build.0 = Release|Win32
		{EE1ABCE3-AA22-4C77-92D1-2ECA59668DD8}.Debug|x64.ActiveCfg = Debug|x64
		{EE1ABCE3-AA22-4C77-92D1-2ECA59668DD8}.Debug|x64.Build.0 = Debug|x64
		{EE1ABCE3-AA22-4C77-92D1-2ECA59668DD8}.Debug|x86.ActiveCfg = Debug|Win32
		{EE1ABCE3-AA22-4C77-92D1-2ECA59668DD8}.Debug|x86.Build.0 = Debug|Win32
		{EE1ABCE3-AA22-4C77-92D1-2ECA59668DD8}.Release|x64.ActiveCfg = Release|x64
		{EE1ABCE3-AA22-4C77-92D1-2ECA59668DD8}.Release|x64.Build.0 = Release|x64
		{EE1ABCE3-AA22-4C77-92D1-2ECA59668DD8}.Release|x86.ActiveCfg = Release|Win32
		{EE1ABCE3-AA22-4C77-92D1-2ECA59668DD8}.Release|x86.Build.0 = Release|Win32
		{2D22408F-D673-47CC-9EDA-0FDE782308AB}.Debug|x64.ActiveCfg = Debug|x64
		{2D22408F-D673-47CC-9EDA-0FDE782308AB}.Debug|x64.Build.0 = Debug|x64
		{2D22408F-D673-47CC-9EDA-0FDE782308AB}.Debug|x86.ActiveCfg = Debug|Win32
		{2D22408F-D673-47CC-9EDA-0FDE782308AB}.Debug|x86.Build.0 = Debug|Win32
		{2D22408F-D673-47CC-9EDA-0FDE782308AB}.Release|x64.ActiveCfg = Release|x64
		{2D22408F-D673-47CC-9EDA-0FDE782308AB}.Release|x64.Build.0 = Release|x64
		{2D22408F-D673-47CC-9EDA-0FDE782308AB}.Release|x86.ActiveCfg = Release|Win32
		{2D22408F-D673-47CC-9EDA-0FDE782308AB}.Release|x86.Build.0 = Release|Win32
		{6A23969C-21FC-4AC0-BC21-1DCA3FD08E4B}.Debug|x64.ActiveCfg = Debug|x64
		{6A23969C-21FC-4AC0-BC21-1DCA3FD08E4B}.Debug|x64.Build.0 = Debug|x64
		{6A23969C-21FC-4AC0-BC21-1DCA3FD08E4B}.Debug|x86.ActiveCfg = Debug|Win32
		{6A23969C-21FC-4AC0-BC21-1DCA3FD08E4B}.Debug|x86.Build.0 = Debug|Win32
		{6A23969C-21FC-4AC0-BC21-1DCA3FD08E4B}.Release|x64.ActiveCfg = Release|x64
		{6A23969C-21FC-4AC0-BC21-1DCA3FD08E4B}.Release|x64.Build.0 = Release|x64
		{6A23969C-21FC-4AC0-BC21-1DCA3FD08E4B}.Release|x86.ActiveCfg = Release|Win32
		{6A23969C-21FC-4AC0-BC21-1DCA3FD08E4B}.Release|x86.Build.0 = Release|Win32
		{CC7BEEE1-5017-41C2-8A2E-458434E0A9D0}.Debug|x64.ActiveCfg = Debug|x64
		{CC7BEEE1-5017-41C2-8A2E-458434E0A9D0}.Debug|x64.Build.0 = Debug|x64
		{CC7BEEE1-5017-41C2-8A2E-458434E0A9D0}.Debug|x86.ActiveCfg = Debug|Win32
		{CC7BEEE1-5017-41C2-8A2E-458434E0A9D0}.Debug|x86.Build.0 = Debug|Win32
		{CC7BEEE1-5017-41C2-8A2E-458434E0A9D0}.Release|x64.ActiveCfg = Release|x64
		{CC7BEEE1-5017-41C2-8A2E-458434E0A9D0}.Release|x64.Build.0 = Release|x64
		{CC7BEEE1-5017-41C2-8A2E-458434E0A9D0}.Release|x86.ActiveCfg = Release|Win32
		{CC7BEEE1-5017-41C2-8A2E-458434E0A9D0}.Release|x86.Build.0 = Release|Win32
		{9148BB0F-5FBA-4D3D-910E-384D79D78C87}.Debug|x64.ActiveCfg = Debug|x64
		{9148BB0F-5FBA-4D3D-910E-384D79D78C87}.Debug|x64.Build.0 = Debug|x64
		{9148BB0F-5FBA-4D3D-910E-384D79D78C87}.Debug|x86.ActiveCfg = Debug|Win32
		{9148BB0F-5FBA-4D3D-910E-384D79D78C87}.Debug|x86.Build.0 = Debug|Win32
		{9148BB0F-5FBA-4D3D-910E-384D79D78C87}.Release|x64.ActiveCfg = Release|x64
		{9148BB0F-5FBA-4D3D-910E-384D79D78C87}.Release|x64.Build.0 = Release|x64
		{9148BB0F-5FBA-4D3D-910E-384D79D78C87}.Release|x86.ActiveCfg = Release|Win32
		{9148BB0F-5FBA-4D3D-910E-384D79D78C87}.Release|x86.Build.0 = Release|Win32
		{C4426A34-15A1-4DCB-BB94-CF555EC60A52}.Debug|x64.ActiveCfg = Debug|x64
		{C4426A34-15A1-4DCB-BB94-CF555EC60A52}.Debug|x64.Build.0 = Debug|x64
		{C4426A34-15A1-4DCB-BB94-CF555EC60A52}.Debug|x86.ActiveCfg = Debug|Win32
		{C4426A34-15A1-4DCB-BB94-CF555EC60A52}.Debug|x86.Build.0 = Debug|Win32
		{C4426A34-15A1-4DCB-BB94-CF555EC60A52}.Release|x64.ActiveCfg = Release|x64
		{C4426A34-15A1-4DCB-BB94-CF555EC60A52}.Release|x64.Build.0 = Release|x64
		{C4426A34-15A1-4DCB-BB94-CF555EC60A52}.Release|x86.ActiveCfg = Release|Win32
		{C4426A34-15A1-4DCB-BB94-CF555EC60A52}.Release|x86.Build.0 = Release|Win32
		{1F0BC690-7A0E-4690-97F6-ABA3F456058E}.Debug|x64.ActiveCfg = Debug|x64
		{1F0BC690-7A0E-4690-97F6-ABA3F456058E}.Debug|x64.Build.0 = Debug|x64
		{1F0BC690-7A0E-4690-97F6-ABA3F456058E}.Debug|x86.ActiveCfg = Debug|Win32
		{1F0BC690-7A0E-4690-97F6-ABA3F456058E}.Debug|x86.Build.0 = Debug|Win32
		{1F0BC690-7A0E-4690-97F6-ABA3F456058E}.Release|x64.ActiveCfg = Release|x64
		{1F0BC690-7A0E-4690-97F6-ABA3F456058E}.Release|x64.Build.0 = Release|x64
		{1F0BC690-7A0E-4690-97F6-ABA3F456058E}.Release|x86.ActiveCfg = Release|Win32
		{1F0BC690-7A0E-4690-97F6-ABA3F456058E}.Release|x86.Build.0 = Release|Win32
	EndGlobalSection
	GlobalSection(SolutionProperties) = preSolution
		HideSolutionNode = FALSE
	EndGlobalSection
	GlobalSection(NestedProjects) = preSolution
		{8359D26E-7521-4ABB-86DD-7644D9420844} = {7236A439-03AE-4631-99C6-CE99EEDC8E3A}
		{763CA410-9AE7-432F-BF0B-C4AACF569BCB} = {7236A439-03AE-4631-99C6-CE99EEDC8E3A}
		{B9FB202D-1300-41B7-B2E6-10C50B1BC7B5} = {2D64B9CD-327A-4368-8DC5-ACC18736FC47}
		{2D64B9CD-327A-4368-8DC5-ACC18736FC47} = {7236A439-03AE-4631-99C6-CE99EEDC8E3A}
		{4F738E6E-1CEE-4F1D-8DF2-91505699CF8D} = {2D64B9CD-327A-4368-8DC5-ACC18736FC47}
		{A1989334-6EED-4FEF-AB09-2D6053BF9305} = {2D64B9CD-327A-4368-8DC5-ACC18736FC47}
		{F86C0525-28C1-4052-9FD4-C8994E3970B8} = {2D64B9CD-327A-4368-8DC5-ACC18736FC47}
		{EE1ABCE3-AA22-4C77-92D1-2ECA59668DD8} = {7236A439-03AE-4631-99C6-CE99EEDC8E3A}
		{6A23969C-21FC-4AC0-BC21-1DCA3FD08E4B} = {7236A439-03AE-4631-99C6-CE99EEDC8E3A}
		{CC7BEEE1-5017-41C2-8A2E-458434E0A9D0} = {7236A439-03AE-4631-99C6-CE99EEDC8E3A}
		{9148BB0F-5FBA-4D3D-910E-384D79D78C87} = {7236A439-03AE-4631-99C6-CE99EEDC8E3A}
		{C4426A34-15A1-4DCB-BB94-CF555EC60A52} = {7236A439-03AE-4631-99C6-CE99EEDC8E3A}
		{1F0BC690-7A0E-4690-97F6-ABA3F456058E} = {7236A439-03AE-4631-99C6-CE99EEDC8E3A}
	EndGlobalSection
EndGlobal
